{
  "nodes": {
    "call-flake": {
      "locked": {
        "lastModified": 1720921169,
        "narHash": "sha256-ythzL6iO/eE6r1IA6dflpWx0vC4JBGBlHLTK3BpYhrQ=",
        "owner": "divnix",
        "repo": "call-flake",
        "rev": "5d79057db3885a467cfe6aecc1b4941523663c29",
        "type": "github"
      },
      "original": {
        "owner": "divnix",
        "repo": "call-flake",
        "type": "github"
      }
    },
    "flake-utils": {
      "inputs": {
        "systems": "systems"
      },
      "locked": {
        "lastModified": 1710146030,
        "narHash": "sha256-SZ5L6eA7HJ/nmkzGG7/ISclqe6oZdOZTNoesiInkXPQ=",
        "owner": "numtide",
        "repo": "flake-utils",
        "rev": "b1d9ab70662946ef0850d488da1c9019f3a9752a",
        "type": "github"
      },
      "original": {
        "owner": "numtide",
        "repo": "flake-utils",
        "type": "github"
      }
    },
    "root": {
      "inputs": {
        "call-flake": "call-flake",
        "flake-utils": "flake-utils",
        "theme": "theme"
      }
    },
    "systems": {
      "locked": {
        "lastModified": 1681028828,
        "narHash": "sha256-Vy1rq5AaRuLzOxct8nz4T6wlgyUR7zLU309k9mBC768=",
        "owner": "nix-systems",
        "repo": "default",
        "rev": "da67096a3b9bf56a91d16901293e51ba5b49a27e",
        "type": "github"
      },
      "original": {
        "owner": "nix-systems",
        "repo": "default",
        "type": "github"
      }
    },
    "theme": {
      "flake": false,
      "locked": {
        "lastModified": 1647217153,
        "narHash": "sha256-1siU2/igUGGkQDbz2znDXIfyZJPJJpr41pXaAc5o8L4=",
        "owner": "aaranxu",
        "repo": "adidoks",
        "rev": "5c698271c460046034605b743a15196b12e32887",
        "type": "github"
      },
      "original": {
        "owner": "aaranxu",
        "repo": "adidoks",
        "type": "github"
      }
    }
  },
  "root": "root",
  "version": 7
}
